// !$*UTF8*$!
{
	archiveVersion = 1;
	classes = {
	};
	objectVersion = 48;
	objects = {

/* Begin PBXBuildFile section */
		6B446F011F7A57F600429A75 /* AppDelegate.swift in Sources */ = {isa = PBXBuildFile; fileRef = 6B446F001F7A57F600429A75 /* AppDelegate.swift */; };
		6B446F081F7A57F600429A75 /* Assets.xcassets in Resources */ = {isa = PBXBuildFile; fileRef = 6B446F071F7A57F600429A75 /* Assets.xcassets */; };
		6B446F161F7A57F600429A75 /* SortingTestsTests.swift in Sources */ = {isa = PBXBuildFile; fileRef = 6B446F151F7A57F600429A75 /* SortingTestsTests.swift */; };
		6B446F2F1F7A580100429A75 /* Sorting.swift in Sources */ = {isa = PBXBuildFile; fileRef = 6B446F2E1F7A580100429A75 /* Sorting.swift */; };
/* End PBXBuildFile section */

/* Begin PBXContainerItemProxy section */
		6B446F121F7A57F600429A75 /* PBXContainerItemProxy */ = {
			isa = PBXContainerItemProxy;
			containerPortal = 6B446EF51F7A57F600429A75 /* Project object */;
			proxyType = 1;
			remoteGlobalIDString = 6B446EFC1F7A57F600429A75;
			remoteInfo = SortingTests;
		};
		6B446F1D1F7A57F600429A75 /* PBXContainerItemProxy */ = {
			isa = PBXContainerItemProxy;
			containerPortal = 6B446EF51F7A57F600429A75 /* Project object */;
			proxyType = 1;
			remoteGlobalIDString = 6B446EFC1F7A57F600429A75;
			remoteInfo = SortingTests;
		};
/* End PBXContainerItemProxy section */

/* Begin PBXFileReference section */
		6B446EFD1F7A57F600429A75 /* SortingTests.app */ = {isa = PBXFileReference; explicitFileType = wrapper.application; includeInIndex = 0; path = SortingTests.app; sourceTree = BUILT_PRODUCTS_DIR; };
		6B446F001F7A57F600429A75 /* AppDelegate.swift */ = {isa = PBXFileReference; lastKnownFileType = sourcecode.swift; path = AppDelegate.swift; sourceTree = "<group>"; };
		6B446F071F7A57F600429A75 /* Assets.xcassets */ = {isa = PBXFileReference; lastKnownFileType = folder.assetcatalog; path = Assets.xcassets; sourceTree = "<group>"; };
		6B446F0C1F7A57F600429A75 /* Info.plist */ = {isa = PBXFileReference; lastKnownFileType = text.plist.xml; path = Info.plist; sourceTree = "<group>"; };
		6B446F111F7A57F600429A75 /* SortingTestsTests.xctest */ = {isa = PBXFileReference; explicitFileType = wrapper.cfbundle; includeInIndex = 0; path = SortingTestsTests.xctest; sourceTree = BUILT_PRODUCTS_DIR; };
		6B446F151F7A57F600429A75 /* SortingTestsTests.swift */ = {isa = PBXFileReference; lastKnownFileType = sourcecode.swift; path = SortingTestsTests.swift; sourceTree = "<group>"; };
		6B446F171F7A57F600429A75 /* Info.plist */ = {isa = PBXFileReference; lastKnownFileType = text.plist.xml; path = Info.plist; sourceTree = "<group>"; };
		6B446F1C1F7A57F600429A75 /* SortingTestsUITests.xctest */ = {isa = PBXFileReference; explicitFileType = wrapper.cfbundle; includeInIndex = 0; path = SortingTestsUITests.xctest; sourceTree = BUILT_PRODUCTS_DIR; };
		6B446F2E1F7A580100429A75 /* Sorting.swift */ = {isa = PBXFileReference; lastKnownFileType = sourcecode.swift; path = Sorting.swift; sourceTree = "<group>"; };
/* End PBXFileReference section */

/* Begin PBXFrameworksBuildPhase section */
		6B446EFA1F7A57F600429A75 /* Frameworks */ = {
			isa = PBXFrameworksBuildPhase;
			buildActionMask = 2147483647;
			files = (
			);
			runOnlyForDeploymentPostprocessing = 0;
		};
		6B446F0E1F7A57F600429A75 /* Frameworks */ = {
			isa = PBXFrameworksBuildPhase;
			buildActionMask = 2147483647;
			files = (
			);
			runOnlyForDeploymentPostprocessing = 0;
		};
		6B446F191F7A57F600429A75 /* Frameworks */ = {
			isa = PBXFrameworksBuildPhase;
			buildActionMask = 2147483647;
			files = (
			);
			runOnlyForDeploymentPostprocessing = 0;
		};
/* End PBXFrameworksBuildPhase section */

/* Begin PBXGroup section */
		6B446EF41F7A57F600429A75 = {
			isa = PBXGroup;
			children = (
				6B446EFF1F7A57F600429A75 /* SortingTests */,
				6B446F141F7A57F600429A75 /* SortingTestsTests */,
				6B446EFE1F7A57F600429A75 /* Products */,
			);
			sourceTree = "<group>";
		};
		6B446EFE1F7A57F600429A75 /* Products */ = {
			isa = PBXGroup;
			children = (
				6B446EFD1F7A57F600429A75 /* SortingTests.app */,
				6B446F111F7A57F600429A75 /* SortingTestsTests.xctest */,
				6B446F1C1F7A57F600429A75 /* SortingTestsUITests.xctest */,
			);
			name = Products;
			sourceTree = "<group>";
		};
		6B446EFF1F7A57F600429A75 /* SortingTests */ = {
			isa = PBXGroup;
			children = (
				6B446F001F7A57F600429A75 /* AppDelegate.swift */,
				6B446F071F7A57F600429A75 /* Assets.xcassets */,
				6B446F0C1F7A57F600429A75 /* Info.plist */,
				6B446F2E1F7A580100429A75 /* Sorting.swift */,
			);
			path = SortingTests;
			sourceTree = "<group>";
		};
		6B446F141F7A57F600429A75 /* SortingTestsTests */ = {
			isa = PBXGroup;
			children = (
				6B446F151F7A57F600429A75 /* SortingTestsTests.swift */,
				6B446F171F7A57F600429A75 /* Info.plist */,
			);
			path = SortingTestsTests;
			sourceTree = "<group>";
		};
/* End PBXGroup section */

/* Begin PBXNativeTarget section */
		6B446EFC1F7A57F600429A75 /* SortingTests */ = {
			isa = PBXNativeTarget;
			buildConfigurationList = 6B446F251F7A57F600429A75 /* Build configuration list for PBXNativeTarget "SortingTests" */;
			buildPhases = (
				6B446EF91F7A57F600429A75 /* Sources */,
				6B446EFA1F7A57F600429A75 /* Frameworks */,
				6B446EFB1F7A57F600429A75 /* Resources */,
			);
			buildRules = (
			);
			dependencies = (
			);
			name = SortingTests;
			productName = SortingTests;
			productReference = 6B446EFD1F7A57F600429A75 /* SortingTests.app */;
			productType = "com.apple.product-type.application";
		};
		6B446F101F7A57F600429A75 /* SortingTestsTests */ = {
			isa = PBXNativeTarget;
			buildConfigurationList = 6B446F281F7A57F600429A75 /* Build configuration list for PBXNativeTarget "SortingTestsTests" */;
			buildPhases = (
				6B446F0D1F7A57F600429A75 /* Sources */,
				6B446F0E1F7A57F600429A75 /* Frameworks */,
				6B446F0F1F7A57F600429A75 /* Resources */,
			);
			buildRules = (
			);
			dependencies = (
				6B446F131F7A57F600429A75 /* PBXTargetDependency */,
			);
			name = SortingTestsTests;
			productName = SortingTestsTests;
			productReference = 6B446F111F7A57F600429A75 /* SortingTestsTests.xctest */;
			productType = "com.apple.product-type.bundle.unit-test";
		};
		6B446F1B1F7A57F600429A75 /* SortingTestsUITests */ = {
			isa = PBXNativeTarget;
			buildConfigurationList = 6B446F2B1F7A57F600429A75 /* Build configuration list for PBXNativeTarget "SortingTestsUITests" */;
			buildPhases = (
				6B446F181F7A57F600429A75 /* Sources */,
				6B446F191F7A57F600429A75 /* Frameworks */,
				6B446F1A1F7A57F600429A75 /* Resources */,
			);
			buildRules = (
			);
			dependencies = (
				6B446F1E1F7A57F600429A75 /* PBXTargetDependency */,
			);
			name = SortingTestsUITests;
			productName = SortingTestsUITests;
			productReference = 6B446F1C1F7A57F600429A75 /* SortingTestsUITests.xctest */;
			productType = "com.apple.product-type.bundle.ui-testing";
		};
/* End PBXNativeTarget section */

/* Begin PBXProject section */
		6B446EF51F7A57F600429A75 /* Project object */ = {
			isa = PBXProject;
			attributes = {
				LastSwiftUpdateCheck = 0900;
				LastUpgradeCheck = 0900;
				ORGANIZATIONNAME = ennioma;
				TargetAttributes = {
					6B446EFC1F7A57F600429A75 = {
						CreatedOnToolsVersion = 9.0;
						ProvisioningStyle = Automatic;
					};
					6B446F101F7A57F600429A75 = {
						CreatedOnToolsVersion = 9.0;
						ProvisioningStyle = Automatic;
						TestTargetID = 6B446EFC1F7A57F600429A75;
					};
					6B446F1B1F7A57F600429A75 = {
						CreatedOnToolsVersion = 9.0;
						ProvisioningStyle = Automatic;
						TestTargetID = 6B446EFC1F7A57F600429A75;
					};
				};
			};
			buildConfigurationList = 6B446EF81F7A57F600429A75 /* Build configuration list for PBXProject "SortingTests" */;
			compatibilityVersion = "Xcode 8.0";
			developmentRegion = en;
			hasScannedForEncodings = 0;
			knownRegions = (
				en,
				Base,
			);
			mainGroup = 6B446EF41F7A57F600429A75;
			productRefGroup = 6B446EFE1F7A57F600429A75 /* Products */;
			projectDirPath = "";
			projectRoot = "";
			targets = (
				6B446EFC1F7A57F600429A75 /* SortingTests */,
				6B446F101F7A57F600429A75 /* SortingTestsTests */,
				6B446F1B1F7A57F600429A75 /* SortingTestsUITests */,
			);
		};
/* End PBXProject section */

/* Begin PBXResourcesBuildPhase section */
		6B446EFB1F7A57F600429A75 /* Resources */ = {
			isa = PBXResourcesBuildPhase;
			buildActionMask = 2147483647;
			files = (
				6B446F081F7A57F600429A75 /* Assets.xcassets in Resources */,
			);
			runOnlyForDeploymentPostprocessing = 0;
		};
		6B446F0F1F7A57F600429A75 /* Resources */ = {
			isa = PBXResourcesBuildPhase;
			buildActionMask = 2147483647;
			files = (
			);
			runOnlyForDeploymentPostprocessing = 0;
		};
		6B446F1A1F7A57F600429A75 /* Resources */ = {
			isa = PBXResourcesBuildPhase;
			buildActionMask = 2147483647;
			files = (
			);
			runOnlyForDeploymentPostprocessing = 0;
		};
/* End PBXResourcesBuildPhase section */

/* Begin PBXSourcesBuildPhase section */
		6B446EF91F7A57F600429A75 /* Sources */ = {
			isa = PBXSourcesBuildPhase;
			buildActionMask = 2147483647;
			files = (
				6B446F2F1F7A580100429A75 /* Sorting.swift in Sources */,
				6B446F011F7A57F600429A75 /* AppDelegate.swift in Sources */,
			);
			runOnlyForDeploymentPostprocessing = 0;
		};
		6B446F0D1F7A57F600429A75 /* Sources */ = {
			isa = PBXSourcesBuildPhase;
			buildActionMask = 2147483647;
			files = (
				6B446F161F7A57F600429A75 /* SortingTestsTests.swift in Sources */,
			);
			runOnlyForDeploymentPostprocessing = 0;
		};
		6B446F181F7A57F600429A75 /* Sources */ = {
			isa = PBXSourcesBuildPhase;
			buildActionMask = 2147483647;
			files = (
			);
			runOnlyForDeploymentPostprocessing = 0;
		};
/* End PBXSourcesBuildPhase section */

/* Begin PBXTargetDependency section */
		6B446F131F7A57F600429A75 /* PBXTargetDependency */ = {
			isa = PBXTargetDependency;
			target = 6B446EFC1F7A57F600429A75 /* SortingTests */;
			targetProxy = 6B446F121F7A57F600429A75 /* PBXContainerItemProxy */;
		};
		6B446F1E1F7A57F600429A75 /* PBXTargetDependency */ = {
			isa = PBXTargetDependency;
			target = 6B446EFC1F7A57F600429A75 /* SortingTests */;
			targetProxy = 6B446F1D1F7A57F600429A75 /* PBXContainerItemProxy */;
		};
/* End PBXTargetDependency section */

/* Begin XCBuildConfiguration section */
		6B446F231F7A57F600429A75 /* Debug */ = {
			isa = XCBuildConfiguration;
			buildSettings = {
				ALWAYS_SEARCH_USER_PATHS = NO;
				CLANG_ANALYZER_NONNULL = YES;
				CLANG_ANALYZER_NUMBER_OBJECT_CONVERSION = YES_AGGRESSIVE;
				CLANG_CXX_LANGUAGE_STANDARD = "gnu++14";
				CLANG_CXX_LIBRARY = "libc++";
				CLANG_ENABLE_MODULES = YES;
				CLANG_ENABLE_OBJC_ARC = YES;
				CLANG_WARN_BLOCK_CAPTURE_AUTORELEASING = YES;
				CLANG_WARN_BOOL_CONVERSION = YES;
				CLANG_WARN_COMMA = YES;
				CLANG_WARN_CONSTANT_CONVERSION = YES;
				CLANG_WARN_DIRECT_OBJC_ISA_USAGE = YES_ERROR;
				CLANG_WARN_DOCUMENTATION_COMMENTS = YES;
				CLANG_WARN_EMPTY_BODY = YES;
				CLANG_WARN_ENUM_CONVERSION = YES;
				CLANG_WARN_INFINITE_RECURSION = YES;
				CLANG_WARN_INT_CONVERSION = YES;
				CLANG_WARN_NON_LITERAL_NULL_CONVERSION = YES;
				CLANG_WARN_OBJC_LITERAL_CONVERSION = YES;
				CLANG_WARN_OBJC_ROOT_CLASS = YES_ERROR;
				CLANG_WARN_RANGE_LOOP_ANALYSIS = YES;
				CLANG_WARN_STRICT_PROTOTYPES = YES;
				CLANG_WARN_SUSPICIOUS_MOVE = YES;
				CLANG_WARN_UNGUARDED_AVAILABILITY = YES_AGGRESSIVE;
				CLANG_WARN_UNREACHABLE_CODE = YES;
				CLANG_WARN__DUPLICATE_METHOD_MATCH = YES;
				CODE_SIGN_IDENTITY = "iPhone Developer";
				COPY_PHASE_STRIP = NO;
				DEBUG_INFORMATION_FORMAT = dwarf;
				ENABLE_STRICT_OBJC_MSGSEND = YES;
				ENABLE_TESTABILITY = YES;
				GCC_C_LANGUAGE_STANDARD = gnu11;
				GCC_DYNAMIC_NO_PIC = NO;
				GCC_NO_COMMON_BLOCKS = YES;
				GCC_OPTIMIZATION_LEVEL = 0;
				GCC_PREPROCESSOR_DEFINITIONS = (
					"DEBUG=1",
					"$(inherited)",
				);
				GCC_WARN_64_TO_32_BIT_CONVERSION = YES;
				GCC_WARN_ABOUT_RETURN_TYPE = YES_ERROR;
				GCC_WARN_UNDECLARED_SELECTOR = YES;
				GCC_WARN_UNINITIALIZED_AUTOS = YES_AGGRESSIVE;
				GCC_WARN_UNUSED_FUNCTION = YES;
				GCC_WARN_UNUSED_VARIABLE = YES;
				IPHONEOS_DEPLOYMENT_TARGET = 11.0;
				MTL_ENABLE_DEBUG_INFO = YES;
				ONLY_ACTIVE_ARCH = YES;
				SDKROOT = iphoneos;
				SWIFT_ACTIVE_COMPILATION_CONDITIONS = DEBUG;
				SWIFT_OPTIMIZATION_LEVEL = "-Onone";
			};
			name = Debug;
		};
		6B446F241F7A57F600429A75 /* Release */ = {
			isa = XCBuildConfiguration;
			buildSettings = {
				ALWAYS_SEARCH_USER_PATHS = NO;
				CLANG_ANALYZER_NONNULL = YES;
				CLANG_ANALYZER_NUMBER_OBJECT_CONVERSION = YES_AGGRESSIVE;
				CLANG_CXX_LANGUAGE_STANDARD = "gnu++14";
				CLANG_CXX_LIBRARY = "libc++";
				CLANG_ENABLE_MODULES = YES;
				CLANG_ENABLE_OBJC_ARC = YES;
				CLANG_WARN_BLOCK_CAPTURE_AUTORELEASING = YES;
				CLANG_WARN_BOOL_CONVERSION = YES;
				CLANG_WARN_COMMA = YES;
				CLANG_WARN_CONSTANT_CONVERSION = YES;
				CLANG_WARN_DIRECT_OBJC_ISA_USAGE = YES_ERROR;
				CLANG_WARN_DOCUMENTATION_COMMENTS = YES;
				CLANG_WARN_EMPTY_BODY = YES;
				CLANG_WARN_ENUM_CONVERSION = YES;
				CLANG_WARN_INFINITE_RECURSION = YES;
				CLANG_WARN_INT_CONVERSION = YES;
				CLANG_WARN_NON_LITERAL_NULL_CONVERSION = YES;
				CLANG_WARN_OBJC_LITERAL_CONVERSION = YES;
				CLANG_WARN_OBJC_ROOT_CLASS = YES_ERROR;
				CLANG_WARN_RANGE_LOOP_ANALYSIS = YES;
				CLANG_WARN_STRICT_PROTOTYPES = YES;
				CLANG_WARN_SUSPICIOUS_MOVE = YES;
				CLANG_WARN_UNGUARDED_AVAILABILITY = YES_AGGRESSIVE;
				CLANG_WARN_UNREACHABLE_CODE = YES;
				CLANG_WARN__DUPLICATE_METHOD_MATCH = YES;
				CODE_SIGN_IDENTITY = "iPhone Developer";
				COPY_PHASE_STRIP = NO;
				DEBUG_INFORMATION_FORMAT = "dwarf-with-dsym";
				ENABLE_NS_ASSERTIONS = NO;
				ENABLE_STRICT_OBJC_MSGSEND = YES;
				GCC_C_LANGUAGE_STANDARD = gnu11;
				GCC_NO_COMMON_BLOCKS = YES;
				GCC_WARN_64_TO_32_BIT_CONVERSION = YES;
				GCC_WARN_ABOUT_RETURN_TYPE = YES_ERROR;
				GCC_WARN_UNDECLARED_SELECTOR = YES;
				GCC_WARN_UNINITIALIZED_AUTOS = YES_AGGRESSIVE;
				GCC_WARN_UNUSED_FUNCTION = YES;
				GCC_WARN_UNUSED_VARIABLE = YES;
				IPHONEOS_DEPLOYMENT_TARGET = 11.0;
				MTL_ENABLE_DEBUG_INFO = NO;
				SDKROOT = iphoneos;
				SWIFT_OPTIMIZATION_LEVEL = "-Owholemodule";
				VALIDATE_PRODUCT = YES;
			};
			name = Release;
		};
		6B446F261F7A57F600429A75 /* Debug */ = {
			isa = XCBuildConfiguration;
			buildSettings = {
				ASSETCATALOG_COMPILER_APPICON_NAME = AppIcon;
				CODE_SIGN_STYLE = Automatic;
				INFOPLIST_FILE = SortingTests/Info.plist;
				LD_RUNPATH_SEARCH_PATHS = "$(inherited) @executable_path/Frameworks";
				PRODUCT_BUNDLE_IDENTIFIER = ennioma.SortingTests;
				PRODUCT_NAME = "$(TARGET_NAME)";
				SWIFT_VERSION = 4.0;
				TARGETED_DEVICE_FAMILY = "1,2";
			};
			name = Debug;
		};
		6B446F271F7A57F600429A75 /* Release */ = {
			isa = XCBuildConfiguration;
			buildSettings = {
				ASSETCATALOG_COMPILER_APPICON_NAME = AppIcon;
				CODE_SIGN_STYLE = Automatic;
				INFOPLIST_FILE = SortingTests/Info.plist;
				LD_RUNPATH_SEARCH_PATHS = "$(inherited) @executable_path/Frameworks";
				PRODUCT_BUNDLE_IDENTIFIER = ennioma.SortingTests;
				PRODUCT_NAME = "$(TARGET_NAME)";
				SWIFT_VERSION = 4.0;
				TARGETED_DEVICE_FAMILY = "1,2";
			};
			name = Release;
		};
		6B446F291F7A57F600429A75 /* Debug */ = {
			isa = XCBuildConfiguration;
			buildSettings = {
				ALWAYS_EMBED_SWIFT_STANDARD_LIBRARIES = YES;
				BUNDLE_LOADER = "$(TEST_HOST)";
				CODE_SIGN_STYLE = Automatic;
				INFOPLIST_FILE = SortingTestsTests/Info.plist;
				LD_RUNPATH_SEARCH_PATHS = "$(inherited) @executable_path/Frameworks @loader_path/Frameworks";
				PRODUCT_BUNDLE_IDENTIFIER = ennioma.SortingTestsTests;
				PRODUCT_NAME = "$(TARGET_NAME)";
				SWIFT_VERSION = 4.0;
				TARGETED_DEVICE_FAMILY = "1,2";
				TEST_HOST = "$(BUILT_PRODUCTS_DIR)/SortingTests.app/SortingTests";
			};
			name = Debug;
		};
		6B446F2A1F7A57F600429A75 /* Release */ = {
			isa = XCBuildConfiguration;
			buildSettings = {
				ALWAYS_EMBED_SWIFT_STANDARD_LIBRARIES = YES;
				BUNDLE_LOADER = "$(TEST_HOST)";
				CODE_SIGN_STYLE = Automatic;
				INFOPLIST_FILE = SortingTestsTests/Info.plist;
				LD_RUNPATH_SEARCH_PATHS = "$(inherited) @executable_path/Frameworks @loader_path/Frameworks";
				PRODUCT_BUNDLE_IDENTIFIER = ennioma.SortingTestsTests;
				PRODUCT_NAME = "$(TARGET_NAME)";
				SWIFT_VERSION = 4.0;
				TARGETED_DEVICE_FAMILY = "1,2";
				TEST_HOST = "$(BUILT_PRODUCTS_DIR)/SortingTests.app/SortingTests";
			};
			name = Release;
		};
		6B446F2C1F7A57F600429A75 /* Debug */ = {
			isa = XCBuildConfiguration;
			buildSettings = {
				ALWAYS_EMBED_SWIFT_STANDARD_LIBRARIES = YES;
				CODE_SIGN_STYLE = Automatic;
				INFOPLIST_FILE = SortingTestsUITests/Info.plist;
				LD_RUNPATH_SEARCH_PATHS = "$(inherited) @executable_path/Frameworks @loader_path/Frameworks";
				PRODUCT_BUNDLE_IDENTIFIER = ennioma.SortingTestsUITests;
				PRODUCT_NAME = "$(TARGET_NAME)";
				SWIFT_VERSION = 4.0;
				TARGETED_DEVICE_FAMILY = "1,2";
				TEST_TARGET_NAME = SortingTests;
			};
			name = Debug;
		};
		6B446F2D1F7A57F600429A75 /* Release */ = {
			isa = XCBuildConfiguration;
			buildSettings = {
				ALWAYS_EMBED_SWIFT_STANDARD_LIBRARIES = YES;
				CODE_SIGN_STYLE = Automatic;
				INFOPLIST_FILE = SortingTestsUITests/Info.plist;
				LD_RUNPATH_SEARCH_PATHS = "$(inherited) @executable_path/Frameworks @loader_path/Frameworks";
				PRODUCT_BUNDLE_IDENTIFIER = ennioma.SortingTestsUITests;
				PRODUCT_NAME = "$(TARGET_NAME)";
				SWIFT_VERSION = 4.0;
				TARGETED_DEVICE_FAMILY = "1,2";
				TEST_TARGET_NAME = SortingTests;
			};
			name = Release;
		};
/* End XCBuildConfiguration section */

/* Begin XCConfigurationList section */
		6B446EF81F7A57F600429A75 /* Build configuration list for PBXProject "SortingTests" */ = {
			isa = XCConfigurationList;
			buildConfigurations = (
				6B446F231F7A57F600429A75 /* Debug */,
				6B446F241F7A57F600429A75 /* Release */,
			);
			defaultConfigurationIsVisible = 0;
			defaultConfigurationName = Release;
		};
		6B446F251F7A57F600429A75 /* Build configuration list for PBXNativeTarget "SortingTests" */ = {
			isa = XCConfigurationList;
			buildConfigurations = (
				6B446F261F7A57F600429A75 /* Debug */,
				6B446F271F7A57F600429A75 /* Release */,
			);
			defaultConfigurationIsVisible = 0;
			defaultConfigurationName = Release;
		};
		6B446F281F7A57F600429A75 /* Build configuration list for PBXNativeTarget "SortingTestsTests" */ = {
			isa = XCConfigurationList;
			buildConfigurations = (
				6B446F291F7A57F600429A75 /* Debug */,
				6B446F2A1F7A57F600429A75 /* Release */,
			);
			defaultConfigurationIsVisible = 0;
			defaultConfigurationName = Release;
		};
		6B446F2B1F7A57F600429A75 /* Build configuration list for PBXNativeTarget "SortingTestsUITests" */ = {
			isa = XCConfigurationList;
			buildConfigurations = (
				6B446F2C1F7A57F600429A75 /* Debug */,
				6B446F2D1F7A57F600429A75 /* Release */,
			);
			defaultConfigurationIsVisible = 0;
			defaultConfigurationName = Release;
		};
/* End XCConfigurationList section */
	};
	rootObject = 6B446EF51F7A57F600429A75 /* Project object */;
}
